
Microsoft Visual Studio Solution File, Format Version 12.00
# Visual Studio 14
VisualStudioVersion = 14.0.24720.0
MinimumVisualStudioVersion = 10.0.40219.1
Project("{FAE04EC0-301F-11D3-BF4B-00C04F79EFBC}") = "Solar.Infrastructure.Common", "Solar.Infrastructure.Common\Solar.Infrastructure.Common.csproj", "{CC47EE27-0F13-4CFB-87DD-AC7163BC5375}"
EndProject
Project("{FAE04EC0-301F-11D3-BF4B-00C04F79EFBC}") = "Solar.Infrastructure.FileSystem", "Solar.Infrastructure.FileSystem\Solar.Infrastructure.FileSystem.csproj", "{AB2FCB0D-E222-47E8-B837-79284700ED30}"
EndProject
Project("{FAE04EC0-301F-11D3-BF4B-00C04F79EFBC}") = "Solar.Infrastructure.Console", "Solar.Infrastructure.Console\Solar.Infrastructure.Console.csproj", "{E0C195E2-22A9-47D8-B992-6A7787374CBE}"
EndProject
Project("{FAE04EC0-301F-11D3-BF4B-00C04F79EFBC}") = "Solar.Domain.Grammar", "Solar.Domain.Grammar\Solar.Domain.Grammar.csproj", "{1DF046E6-3083-4BA2-B38A-138FBA765AE2}"
EndProject
Project("{FAE04EC0-301F-11D3-BF4B-00C04F79EFBC}") = "Solar.Infrastructure.FileSystem.Tests", "Solar.Infrastructure.FileSystem.Tests\Solar.Infrastructure.FileSystem.Tests.csproj", "{A865C686-DF9B-4CD2-8295-47E263F86C42}"
EndProject
Project("{FAE04EC0-301F-11D3-BF4B-00C04F79EFBC}") = "Solar.Domain.Grammar.Tests", "Solar.Domain.Grammar.Tests\Solar.Domain.Grammar.Tests.csproj", "{29D71EFC-3D3F-451F-BD3A-D4AFBC041727}"
EndProject
Project("{FAE04EC0-301F-11D3-BF4B-00C04F79EFBC}") = "Solar.Domain.Analysis.Syntax.Tests", "Solar.Domain.Analysis.Syntax.Tests\Solar.Domain.Analysis.Syntax.Tests.csproj", "{564A6C17-E61D-4884-9F56-36DB2E2D48D9}"
EndProject
Project("{FAE04EC0-301F-11D3-BF4B-00C04F79EFBC}") = "Solar.Domain.Analysis.Semantic", "Solar.Domain.Analysis.Semantic\Solar.Domain.Analysis.Semantic.csproj", "{C44EF742-D11B-4803-9CE8-DE6F035CDB6E}"
EndProject
Project("{FAE04EC0-301F-11D3-BF4B-00C04F79EFBC}") = "Solar.Domain.Analysis.Semantic.Tests", "Solar.Domain.Analysis.Semantic.Tests\Solar.Domain.Analysis.Semantic.Tests.csproj", "{65A0649A-0636-4241-9756-2FEB9437AB1A}"
EndProject
Project("{FAE04EC0-301F-11D3-BF4B-00C04F79EFBC}") = "Solar.Domain.Analysis.Lexical", "Solar.Domain.Analysis.Lexical\Solar.Domain.Analysis.Lexical.csproj", "{DA10B67C-DE09-4D20-82DF-392554464541}"
EndProject
Project("{FAE04EC0-301F-11D3-BF4B-00C04F79EFBC}") = "Solar.Domain.Analysis.Lexical.Tests", "Solar.Domain.Analysis.Lexical.Tests\Solar.Domain.Analysis.Lexical.Tests.csproj", "{4CB53998-D678-4306-B98E-9D1E07D533BC}"
EndProject
Project("{FAE04EC0-301F-11D3-BF4B-00C04F79EFBC}") = "Solar.Domain.Analysis.Syntax", "Solar.Domain.Analysis.Syntax\Solar.Domain.Analysis.Syntax.csproj", "{2C11B4FD-C445-4C32-92B5-CB3186CC032C}"
EndProject
Project("{2150E333-8FDC-42A3-9474-1A3956D46DE8}") = "domain", "domain", "{316C8ACD-A86A-40BA-A00B-EDD03BBDF23B}"
EndProject
Project("{2150E333-8FDC-42A3-9474-1A3956D46DE8}") = "infrastructure", "infrastructure", "{52157D7B-8BAE-452E-8C5F-43F247D0F438}"
EndProject
Project("{2150E333-8FDC-42A3-9474-1A3956D46DE8}") = "application", "application", "{7785BEB6-0554-4DFB-BEF5-8F01150917DD}"
EndProject
Project("{FAE04EC0-301F-11D3-BF4B-00C04F79EFBC}") = "Solar.Domain.Diagnostics", "Solar.Domain.Diagnostics\Solar.Domain.Diagnostics.csproj", "{0A9C6FAE-A48F-41BE-BF50-DECBBEF6A9B6}"
EndProject
Project("{FAE04EC0-301F-11D3-BF4B-00C04F79EFBC}") = "Solar.Infrastructure.Console.Tests", "Solar.Infrastructure.Console.Tests\Solar.Infrastructure.Console.Tests.csproj", "{CD2ABB12-68F9-44FD-8ED6-D31B833F02CD}"
EndProject
Project("{FAE04EC0-301F-11D3-BF4B-00C04F79EFBC}") = "Solar.Infrastructure.Logging", "Solar.Infrastructure.Logging\Solar.Infrastructure.Logging.csproj", "{5BEDEC95-9655-44B9-B5B6-4327C226DE0D}"
EndProject
Project("{FAE04EC0-301F-11D3-BF4B-00C04F79EFBC}") = "Solar.Infrastructure.ErrorHandling", "Solar.Infrastructure.ErrorHandling\Solar.Infrastructure.ErrorHandling.csproj", "{BEBA6289-7881-405E-ACA2-CA0E4DFC5569}"
EndProject
Project("{FAE04EC0-301F-11D3-BF4B-00C04F79EFBC}") = "Solar.Infrastructure.Common.Tests", "Solar.Infrastructure.Common.Tests\Solar.Infrastructure.Common.Tests.csproj", "{E18398C1-F8D2-4746-84F4-E82D69DB2364}"
EndProject
Project("{FAE04EC0-301F-11D3-BF4B-00C04F79EFBC}") = "Solar.Application.Compiler", "Solar.Applicaton.Compiler\Solar.Application.Compiler.csproj", "{D0F8B16D-4D00-49E0-AF26-D826C5B702A3}"
EndProject
Project("{FAE04EC0-301F-11D3-BF4B-00C04F79EFBC}") = "Solar.Frontend.Compiler", "Solar.Frontend.Compiler\Solar.Frontend.Compiler.csproj", "{53C0C8E9-79FE-46AB-87EF-ED7FADD30F34}"
EndProject
Project("{FAE04EC0-301F-11D3-BF4B-00C04F79EFBC}") = "Solar.Infrastructure.Logging.Tests", "Solar.Infrastructure.Logging.Tests\Solar.Infrastructure.Logging.Tests.csproj", "{838DAAE7-094E-44A9-B851-0BEB69BCC9B0}"
EndProject
Project("{FAE04EC0-301F-11D3-BF4B-00C04F79EFBC}") = "Solar.Infrastructure.Config", "Solar.Infrastructure.Config\Solar.Infrastructure.Config.csproj", "{B333E524-D2F5-45EC-A546-EF2B8C8F1EE6}"
EndProject
Project("{FAE04EC0-301F-11D3-BF4B-00C04F79EFBC}") = "Solar.Infrastructure.Config.Tests", "Solar.Infrastructure.Config.Tests\Solar.Infrastructure.Config.Tests.csproj", "{170827AB-0B88-4144-9AD1-365552A4FD14}"
EndProject
Project("{FAE04EC0-301F-11D3-BF4B-00C04F79EFBC}") = "Solar.Infrastructure.Testing", "Solar.Infrastructure.Testing\Solar.Infrastructure.Testing.csproj", "{7EC4650D-E0D5-43BC-A9D4-7C8BCEE87D24}"
EndProject
Global
	GlobalSection(SolutionConfigurationPlatforms) = preSolution
		Debug|Any CPU = Debug|Any CPU
		Release|Any CPU = Release|Any CPU
	EndGlobalSection
	GlobalSection(ProjectConfigurationPlatforms) = postSolution
		{CC47EE27-0F13-4CFB-87DD-AC7163BC5375}.Debug|Any CPU.ActiveCfg = Debug|Any CPU
		{CC47EE27-0F13-4CFB-87DD-AC7163BC5375}.Debug|Any CPU.Build.0 = Debug|Any CPU
		{CC47EE27-0F13-4CFB-87DD-AC7163BC5375}.Release|Any CPU.ActiveCfg = Release|Any CPU
		{CC47EE27-0F13-4CFB-87DD-AC7163BC5375}.Release|Any CPU.Build.0 = Release|Any CPU
		{AB2FCB0D-E222-47E8-B837-79284700ED30}.Debug|Any CPU.ActiveCfg = Debug|Any CPU
		{AB2FCB0D-E222-47E8-B837-79284700ED30}.Debug|Any CPU.Build.0 = Debug|Any CPU
		{AB2FCB0D-E222-47E8-B837-79284700ED30}.Release|Any CPU.ActiveCfg = Release|Any CPU
		{AB2FCB0D-E222-47E8-B837-79284700ED30}.Release|Any CPU.Build.0 = Release|Any CPU
		{E0C195E2-22A9-47D8-B992-6A7787374CBE}.Debug|Any CPU.ActiveCfg = Debug|Any CPU
		{E0C195E2-22A9-47D8-B992-6A7787374CBE}.Debug|Any CPU.Build.0 = Debug|Any CPU
		{E0C195E2-22A9-47D8-B992-6A7787374CBE}.Release|Any CPU.ActiveCfg = Release|Any CPU
		{E0C195E2-22A9-47D8-B992-6A7787374CBE}.Release|Any CPU.Build.0 = Release|Any CPU
		{1DF046E6-3083-4BA2-B38A-138FBA765AE2}.Debug|Any CPU.ActiveCfg = Debug|Any CPU
		{1DF046E6-3083-4BA2-B38A-138FBA765AE2}.Debug|Any CPU.Build.0 = Debug|Any CPU
		{1DF046E6-3083-4BA2-B38A-138FBA765AE2}.Release|Any CPU.ActiveCfg = Release|Any CPU
		{1DF046E6-3083-4BA2-B38A-138FBA765AE2}.Release|Any CPU.Build.0 = Release|Any CPU
		{A865C686-DF9B-4CD2-8295-47E263F86C42}.Debug|Any CPU.ActiveCfg = Debug|Any CPU
		{A865C686-DF9B-4CD2-8295-47E263F86C42}.Debug|Any CPU.Build.0 = Debug|Any CPU
		{A865C686-DF9B-4CD2-8295-47E263F86C42}.Release|Any CPU.ActiveCfg = Release|Any CPU
		{A865C686-DF9B-4CD2-8295-47E263F86C42}.Release|Any CPU.Build.0 = Release|Any CPU
		{29D71EFC-3D3F-451F-BD3A-D4AFBC041727}.Debug|Any CPU.ActiveCfg = Debug|Any CPU
		{29D71EFC-3D3F-451F-BD3A-D4AFBC041727}.Debug|Any CPU.Build.0 = Debug|Any CPU
		{29D71EFC-3D3F-451F-BD3A-D4AFBC041727}.Release|Any CPU.ActiveCfg = Release|Any CPU
		{29D71EFC-3D3F-451F-BD3A-D4AFBC041727}.Release|Any CPU.Build.0 = Release|Any CPU
		{564A6C17-E61D-4884-9F56-36DB2E2D48D9}.Debug|Any CPU.ActiveCfg = Debug|Any CPU
		{564A6C17-E61D-4884-9F56-36DB2E2D48D9}.Debug|Any CPU.Build.0 = Debug|Any CPU
		{564A6C17-E61D-4884-9F56-36DB2E2D48D9}.Release|Any CPU.ActiveCfg = Release|Any CPU
		{564A6C17-E61D-4884-9F56-36DB2E2D48D9}.Release|Any CPU.Build.0 = Release|Any CPU
		{C44EF742-D11B-4803-9CE8-DE6F035CDB6E}.Debug|Any CPU.ActiveCfg = Debug|Any CPU
		{C44EF742-D11B-4803-9CE8-DE6F035CDB6E}.Debug|Any CPU.Build.0 = Debug|Any CPU
		{C44EF742-D11B-4803-9CE8-DE6F035CDB6E}.Release|Any CPU.ActiveCfg = Release|Any CPU
		{C44EF742-D11B-4803-9CE8-DE6F035CDB6E}.Release|Any CPU.Build.0 = Release|Any CPU
		{65A0649A-0636-4241-9756-2FEB9437AB1A}.Debug|Any CPU.ActiveCfg = Debug|Any CPU
		{65A0649A-0636-4241-9756-2FEB9437AB1A}.Debug|Any CPU.Build.0 = Debug|Any CPU
		{65A0649A-0636-4241-9756-2FEB9437AB1A}.Release|Any CPU.ActiveCfg = Release|Any CPU
		{65A0649A-0636-4241-9756-2FEB9437AB1A}.Release|Any CPU.Build.0 = Release|Any CPU
		{DA10B67C-DE09-4D20-82DF-392554464541}.Debug|Any CPU.ActiveCfg = Debug|Any CPU
		{DA10B67C-DE09-4D20-82DF-392554464541}.Debug|Any CPU.Build.0 = Debug|Any CPU
		{DA10B67C-DE09-4D20-82DF-392554464541}.Release|Any CPU.ActiveCfg = Release|Any CPU
		{DA10B67C-DE09-4D20-82DF-392554464541}.Release|Any CPU.Build.0 = Release|Any CPU
		{4CB53998-D678-4306-B98E-9D1E07D533BC}.Debug|Any CPU.ActiveCfg = Debug|Any CPU
		{4CB53998-D678-4306-B98E-9D1E07D533BC}.Debug|Any CPU.Build.0 = Debug|Any CPU
		{4CB53998-D678-4306-B98E-9D1E07D533BC}.Release|Any CPU.ActiveCfg = Release|Any CPU
		{4CB53998-D678-4306-B98E-9D1E07D533BC}.Release|Any CPU.Build.0 = Release|Any CPU
		{2C11B4FD-C445-4C32-92B5-CB3186CC032C}.Debug|Any CPU.ActiveCfg = Debug|Any CPU
		{2C11B4FD-C445-4C32-92B5-CB3186CC032C}.Debug|Any CPU.Build.0 = Debug|Any CPU
		{2C11B4FD-C445-4C32-92B5-CB3186CC032C}.Release|Any CPU.ActiveCfg = Release|Any CPU
		{2C11B4FD-C445-4C32-92B5-CB3186CC032C}.Release|Any CPU.Build.0 = Release|Any CPU
		{0A9C6FAE-A48F-41BE-BF50-DECBBEF6A9B6}.Debug|Any CPU.ActiveCfg = Debug|Any CPU
		{0A9C6FAE-A48F-41BE-BF50-DECBBEF6A9B6}.Debug|Any CPU.Build.0 = Debug|Any CPU
		{0A9C6FAE-A48F-41BE-BF50-DECBBEF6A9B6}.Release|Any CPU.ActiveCfg = Release|Any CPU
		{0A9C6FAE-A48F-41BE-BF50-DECBBEF6A9B6}.Release|Any CPU.Build.0 = Release|Any CPU
		{CD2ABB12-68F9-44FD-8ED6-D31B833F02CD}.Debug|Any CPU.ActiveCfg = Debug|Any CPU
		{CD2ABB12-68F9-44FD-8ED6-D31B833F02CD}.Debug|Any CPU.Build.0 = Debug|Any CPU
		{CD2ABB12-68F9-44FD-8ED6-D31B833F02CD}.Release|Any CPU.ActiveCfg = Release|Any CPU
		{CD2ABB12-68F9-44FD-8ED6-D31B833F02CD}.Release|Any CPU.Build.0 = Release|Any CPU
		{5BEDEC95-9655-44B9-B5B6-4327C226DE0D}.Debug|Any CPU.ActiveCfg = Debug|Any CPU
		{5BEDEC95-9655-44B9-B5B6-4327C226DE0D}.Debug|Any CPU.Build.0 = Debug|Any CPU
		{5BEDEC95-9655-44B9-B5B6-4327C226DE0D}.Release|Any CPU.ActiveCfg = Release|Any CPU
		{5BEDEC95-9655-44B9-B5B6-4327C226DE0D}.Release|Any CPU.Build.0 = Release|Any CPU
		{BEBA6289-7881-405E-ACA2-CA0E4DFC5569}.Debug|Any CPU.ActiveCfg = Debug|Any CPU
		{BEBA6289-7881-405E-ACA2-CA0E4DFC5569}.Debug|Any CPU.Build.0 = Debug|Any CPU
		{BEBA6289-7881-405E-ACA2-CA0E4DFC5569}.Release|Any CPU.ActiveCfg = Release|Any CPU
		{BEBA6289-7881-405E-ACA2-CA0E4DFC5569}.Release|Any CPU.Build.0 = Release|Any CPU
		{E18398C1-F8D2-4746-84F4-E82D69DB2364}.Debug|Any CPU.ActiveCfg = Debug|Any CPU
		{E18398C1-F8D2-4746-84F4-E82D69DB2364}.Debug|Any CPU.Build.0 = Debug|Any CPU
		{E18398C1-F8D2-4746-84F4-E82D69DB2364}.Release|Any CPU.ActiveCfg = Release|Any CPU
		{E18398C1-F8D2-4746-84F4-E82D69DB2364}.Release|Any CPU.Build.0 = Release|Any CPU
		{D0F8B16D-4D00-49E0-AF26-D826C5B702A3}.Debug|Any CPU.ActiveCfg = Debug|Any CPU
		{D0F8B16D-4D00-49E0-AF26-D826C5B702A3}.Debug|Any CPU.Build.0 = Debug|Any CPU
		{D0F8B16D-4D00-49E0-AF26-D826C5B702A3}.Release|Any CPU.ActiveCfg = Release|Any CPU
		{D0F8B16D-4D00-49E0-AF26-D826C5B702A3}.Release|Any CPU.Build.0 = Release|Any CPU
		{53C0C8E9-79FE-46AB-87EF-ED7FADD30F34}.Debug|Any CPU.ActiveCfg = Debug|Any CPU
		{53C0C8E9-79FE-46AB-87EF-ED7FADD30F34}.Debug|Any CPU.Build.0 = Debug|Any CPU
		{53C0C8E9-79FE-46AB-87EF-ED7FADD30F34}.Release|Any CPU.ActiveCfg = Release|Any CPU
		{53C0C8E9-79FE-46AB-87EF-ED7FADD30F34}.Release|Any CPU.Build.0 = Release|Any CPU
		{838DAAE7-094E-44A9-B851-0BEB69BCC9B0}.Debug|Any CPU.ActiveCfg = Debug|Any CPU
		{838DAAE7-094E-44A9-B851-0BEB69BCC9B0}.Debug|Any CPU.Build.0 = Debug|Any CPU
		{838DAAE7-094E-44A9-B851-0BEB69BCC9B0}.Release|Any CPU.ActiveCfg = Release|Any CPU
		{838DAAE7-094E-44A9-B851-0BEB69BCC9B0}.Release|Any CPU.Build.0 = Release|Any CPU
		{B333E524-D2F5-45EC-A546-EF2B8C8F1EE6}.Debug|Any CPU.ActiveCfg = Debug|Any CPU
		{B333E524-D2F5-45EC-A546-EF2B8C8F1EE6}.Debug|Any CPU.Build.0 = Debug|Any CPU
		{B333E524-D2F5-45EC-A546-EF2B8C8F1EE6}.Release|Any CPU.ActiveCfg = Release|Any CPU
		{B333E524-D2F5-45EC-A546-EF2B8C8F1EE6}.Release|Any CPU.Build.0 = Release|Any CPU
		{170827AB-0B88-4144-9AD1-365552A4FD14}.Debug|Any CPU.ActiveCfg = Debug|Any CPU
		{170827AB-0B88-4144-9AD1-365552A4FD14}.Debug|Any CPU.Build.0 = Debug|Any CPU
		{170827AB-0B88-4144-9AD1-365552A4FD14}.Release|Any CPU.ActiveCfg = Release|Any CPU
		{170827AB-0B88-4144-9AD1-365552A4FD14}.Release|Any CPU.Build.0 = Release|Any CPU
		{7EC4650D-E0D5-43BC-A9D4-7C8BCEE87D24}.Debug|Any CPU.ActiveCfg = Debug|Any CPU
		{7EC4650D-E0D5-43BC-A9D4-7C8BCEE87D24}.Debug|Any CPU.Build.0 = Debug|Any CPU
		{7EC4650D-E0D5-43BC-A9D4-7C8BCEE87D24}.Release|Any CPU.ActiveCfg = Release|Any CPU
		{7EC4650D-E0D5-43BC-A9D4-7C8BCEE87D24}.Release|Any CPU.Build.0 = Release|Any CPU
	EndGlobalSection
	GlobalSection(SolutionProperties) = preSolution
		HideSolutionNode = FALSE
	EndGlobalSection
	GlobalSection(NestedProjects) = preSolution
		{CC47EE27-0F13-4CFB-87DD-AC7163BC5375} = {52157D7B-8BAE-452E-8C5F-43F247D0F438}
		{AB2FCB0D-E222-47E8-B837-79284700ED30} = {52157D7B-8BAE-452E-8C5F-43F247D0F438}
		{E0C195E2-22A9-47D8-B992-6A7787374CBE} = {52157D7B-8BAE-452E-8C5F-43F247D0F438}
		{1DF046E6-3083-4BA2-B38A-138FBA765AE2} = {316C8ACD-A86A-40BA-A00B-EDD03BBDF23B}
		{A865C686-DF9B-4CD2-8295-47E263F86C42} = {52157D7B-8BAE-452E-8C5F-43F247D0F438}
		{29D71EFC-3D3F-451F-BD3A-D4AFBC041727} = {316C8ACD-A86A-40BA-A00B-EDD03BBDF23B}
		{564A6C17-E61D-4884-9F56-36DB2E2D48D9} = {316C8ACD-A86A-40BA-A00B-EDD03BBDF23B}
		{C44EF742-D11B-4803-9CE8-DE6F035CDB6E} = {316C8ACD-A86A-40BA-A00B-EDD03BBDF23B}
		{65A0649A-0636-4241-9756-2FEB9437AB1A} = {316C8ACD-A86A-40BA-A00B-EDD03BBDF23B}
		{DA10B67C-DE09-4D20-82DF-392554464541} = {316C8ACD-A86A-40BA-A00B-EDD03BBDF23B}
		{4CB53998-D678-4306-B98E-9D1E07D533BC} = {316C8ACD-A86A-40BA-A00B-EDD03BBDF23B}
		{2C11B4FD-C445-4C32-92B5-CB3186CC032C} = {316C8ACD-A86A-40BA-A00B-EDD03BBDF23B}
		{0A9C6FAE-A48F-41BE-BF50-DECBBEF6A9B6} = {316C8ACD-A86A-40BA-A00B-EDD03BBDF23B}
		{CD2ABB12-68F9-44FD-8ED6-D31B833F02CD} = {52157D7B-8BAE-452E-8C5F-43F247D0F438}
		{5BEDEC95-9655-44B9-B5B6-4327C226DE0D} = {52157D7B-8BAE-452E-8C5F-43F247D0F438}
		{BEBA6289-7881-405E-ACA2-CA0E4DFC5569} = {52157D7B-8BAE-452E-8C5F-43F247D0F438}
		{E18398C1-F8D2-4746-84F4-E82D69DB2364} = {52157D7B-8BAE-452E-8C5F-43F247D0F438}
		{D0F8B16D-4D00-49E0-AF26-D826C5B702A3} = {7785BEB6-0554-4DFB-BEF5-8F01150917DD}
		{838DAAE7-094E-44A9-B851-0BEB69BCC9B0} = {52157D7B-8BAE-452E-8C5F-43F247D0F438}
		{B333E524-D2F5-45EC-A546-EF2B8C8F1EE6} = {52157D7B-8BAE-452E-8C5F-43F247D0F438}
		{170827AB-0B88-4144-9AD1-365552A4FD14} = {52157D7B-8BAE-452E-8C5F-43F247D0F438}
		{7EC4650D-E0D5-43BC-A9D4-7C8BCEE87D24} = {52157D7B-8BAE-452E-8C5F-43F247D0F438}
	EndGlobalSection
EndGlobal
