
Microsoft Visual Studio Solution File, Format Version 12.00
# Visual Studio 14
VisualStudioVersion = 14.0.24720.0
MinimumVisualStudioVersion = 10.0.40219.1
Project("{FAE04EC0-301F-11D3-BF4B-00C04F79EFBC}") = "Solar.Infrastructure.Common", "impl\Solar.Infrastructure.Common\Solar.Infrastructure.Common.csproj", "{CC47EE27-0F13-4CFB-87DD-AC7163BC5375}"
EndProject
Project("{FAE04EC0-301F-11D3-BF4B-00C04F79EFBC}") = "Solar.Console.Compilier", "impl\Solar.Console.Compilier\Solar.Console.Compilier.csproj", "{3ED75F47-1311-444A-87E9-7AA7CFAA7D00}"
EndProject
Project("{FAE04EC0-301F-11D3-BF4B-00C04F79EFBC}") = "Solar.Infrastructure.DependencyInjection", "impl\Solar.Infrastructure.DependencyInjection\Solar.Infrastructure.DependencyInjection.csproj", "{5A7F6799-6E41-401A-9ED2-DAAB755A4ED3}"
EndProject
Project("{FAE04EC0-301F-11D3-BF4B-00C04F79EFBC}") = "Solar.Infrastructure.FileSystem", "impl\Solar.Infrastructure.FileSystem\Solar.Infrastructure.FileSystem.csproj", "{AB2FCB0D-E222-47E8-B837-79284700ED30}"
EndProject
Project("{2150E333-8FDC-42A3-9474-1A3956D46DE8}") = "console-apps", "console-apps", "{198A7F73-25DF-4CE8-9556-8989BAE7D047}"
EndProject
Project("{FAE04EC0-301F-11D3-BF4B-00C04F79EFBC}") = "Solar.Compilier.Domain", "impl\Solar.Compilier.Domain\Solar.Compilier.Domain.csproj", "{DA10B67C-DE09-4D20-82DF-392554464541}"
EndProject
Project("{FAE04EC0-301F-11D3-BF4B-00C04F79EFBC}") = "Solar.Compilier.Application", "impl\Solar.Compilier.Application\Solar.Compilier.Application.csproj", "{D0F8B16D-4D00-49E0-AF26-D826C5B702A3}"
EndProject
Project("{FAE04EC0-301F-11D3-BF4B-00C04F79EFBC}") = "Solar.Infrastructure.Console", "impl\Solar.Infrastructure.Console\Solar.Infrastructure.Console.csproj", "{E0C195E2-22A9-47D8-B992-6A7787374CBE}"
EndProject
Global
	GlobalSection(SolutionConfigurationPlatforms) = preSolution
		Debug|Any CPU = Debug|Any CPU
		Release|Any CPU = Release|Any CPU
	EndGlobalSection
	GlobalSection(ProjectConfigurationPlatforms) = postSolution
		{CC47EE27-0F13-4CFB-87DD-AC7163BC5375}.Debug|Any CPU.ActiveCfg = Debug|Any CPU
		{CC47EE27-0F13-4CFB-87DD-AC7163BC5375}.Debug|Any CPU.Build.0 = Debug|Any CPU
		{CC47EE27-0F13-4CFB-87DD-AC7163BC5375}.Release|Any CPU.ActiveCfg = Release|Any CPU
		{CC47EE27-0F13-4CFB-87DD-AC7163BC5375}.Release|Any CPU.Build.0 = Release|Any CPU
		{3ED75F47-1311-444A-87E9-7AA7CFAA7D00}.Debug|Any CPU.ActiveCfg = Debug|Any CPU
		{3ED75F47-1311-444A-87E9-7AA7CFAA7D00}.Debug|Any CPU.Build.0 = Debug|Any CPU
		{3ED75F47-1311-444A-87E9-7AA7CFAA7D00}.Release|Any CPU.ActiveCfg = Release|Any CPU
		{3ED75F47-1311-444A-87E9-7AA7CFAA7D00}.Release|Any CPU.Build.0 = Release|Any CPU
		{5A7F6799-6E41-401A-9ED2-DAAB755A4ED3}.Debug|Any CPU.ActiveCfg = Debug|Any CPU
		{5A7F6799-6E41-401A-9ED2-DAAB755A4ED3}.Debug|Any CPU.Build.0 = Debug|Any CPU
		{5A7F6799-6E41-401A-9ED2-DAAB755A4ED3}.Release|Any CPU.ActiveCfg = Release|Any CPU
		{5A7F6799-6E41-401A-9ED2-DAAB755A4ED3}.Release|Any CPU.Build.0 = Release|Any CPU
		{AB2FCB0D-E222-47E8-B837-79284700ED30}.Debug|Any CPU.ActiveCfg = Debug|Any CPU
		{AB2FCB0D-E222-47E8-B837-79284700ED30}.Debug|Any CPU.Build.0 = Debug|Any CPU
		{AB2FCB0D-E222-47E8-B837-79284700ED30}.Release|Any CPU.ActiveCfg = Release|Any CPU
		{AB2FCB0D-E222-47E8-B837-79284700ED30}.Release|Any CPU.Build.0 = Release|Any CPU
		{DA10B67C-DE09-4D20-82DF-392554464541}.Debug|Any CPU.ActiveCfg = Debug|Any CPU
		{DA10B67C-DE09-4D20-82DF-392554464541}.Debug|Any CPU.Build.0 = Debug|Any CPU
		{DA10B67C-DE09-4D20-82DF-392554464541}.Release|Any CPU.ActiveCfg = Release|Any CPU
		{DA10B67C-DE09-4D20-82DF-392554464541}.Release|Any CPU.Build.0 = Release|Any CPU
		{D0F8B16D-4D00-49E0-AF26-D826C5B702A3}.Debug|Any CPU.ActiveCfg = Debug|Any CPU
		{D0F8B16D-4D00-49E0-AF26-D826C5B702A3}.Debug|Any CPU.Build.0 = Debug|Any CPU
		{D0F8B16D-4D00-49E0-AF26-D826C5B702A3}.Release|Any CPU.ActiveCfg = Release|Any CPU
		{D0F8B16D-4D00-49E0-AF26-D826C5B702A3}.Release|Any CPU.Build.0 = Release|Any CPU
		{E0C195E2-22A9-47D8-B992-6A7787374CBE}.Debug|Any CPU.ActiveCfg = Debug|Any CPU
		{E0C195E2-22A9-47D8-B992-6A7787374CBE}.Debug|Any CPU.Build.0 = Debug|Any CPU
		{E0C195E2-22A9-47D8-B992-6A7787374CBE}.Release|Any CPU.ActiveCfg = Release|Any CPU
		{E0C195E2-22A9-47D8-B992-6A7787374CBE}.Release|Any CPU.Build.0 = Release|Any CPU
	EndGlobalSection
	GlobalSection(SolutionProperties) = preSolution
		HideSolutionNode = FALSE
	EndGlobalSection
	GlobalSection(NestedProjects) = preSolution
		{3ED75F47-1311-444A-87E9-7AA7CFAA7D00} = {198A7F73-25DF-4CE8-9556-8989BAE7D047}
	EndGlobalSection
EndGlobal
